
Microsoft Visual Studio Solution File, Format Version 12.00
# Visual Studio Version 17
VisualStudioVersion = 17.6.33815.320
MinimumVisualStudioVersion = 10.0.40219.1
Project("{8BC9CEB8-8B4A-11D0-8D11-00A0C91BC942}") = "BOJ_2851", "BOJ_2851.vcxproj", "{4BDC0387-8BA4-4FC6-9570-E3162DE64B44}"
EndProject
Global
	GlobalSection(SolutionConfigurationPlatforms) = preSolution
		Debug|x64 = Debug|x64
		Release|x64 = Release|x64
	EndGlobalSection
	GlobalSection(ProjectConfigurationPlatforms) = postSolution
		{4BDC0387-8BA4-4FC6-9570-E3162DE64B44}.Debug|x64.ActiveCfg = Debug|x64
		{4BDC0387-8BA4-4FC6-9570-E3162DE64B44}.Debug|x64.Build.0 = Debug|x64
		{4BDC0387-8BA4-4FC6-9570-E3162DE64B44}.Release|x64.ActiveCfg = Release|x64
		{4BDC0387-8BA4-4FC6-9570-E3162DE64B44}.Release|x64.Build.0 = Release|x64
	EndGlobalSection
	GlobalSection(SolutionProperties) = preSolution
		HideSolutionNode = FALSE
	EndGlobalSection
	GlobalSection(ExtensibilityGlobals) = postSolution
		SolutionGuid = {EC323D2A-CF90-48DC-9DF9-FDEAA5B53281}
	EndGlobalSection
EndGlobal
